
Microsoft Visual Studio Solution File, Format Version 12.00
# Visual Studio Version 17
VisualStudioVersion = 17.7.34024.191
MinimumVisualStudioVersion = 10.0.40219.1
Project("{9A19103F-16F7-4668-BE54-9A1E7A4F7556}") = "WeatherData", "WeatherData.csproj", "{B775999A-2C25-435C-836F-F42821695F1A}"
EndProject
Project("{FAE04EC0-301F-11D3-BF4B-00C04F79EFBC}") = "Weatherdata.Tests", "Weatherdata.Tests\Weatherdata.Tests.csproj", "{B6C75C96-7311-4129-A0F5-F414901E7861}"
EndProject
Global
	GlobalSection(SolutionConfigurationPlatforms) = preSolution
		Debug|Any CPU = Debug|Any CPU
		Release|Any CPU = Release|Any CPU
	EndGlobalSection
	GlobalSection(ProjectConfigurationPlatforms) = postSolution
		{B775999A-2C25-435C-836F-F42821695F1A}.Debug|Any CPU.ActiveCfg = Debug|Any CPU
		{B775999A-2C25-435C-836F-F42821695F1A}.Debug|Any CPU.Build.0 = Debug|Any CPU
		{B775999A-2C25-435C-836F-F42821695F1A}.Release|Any CPU.ActiveCfg = Release|Any CPU
		{B775999A-2C25-435C-836F-F42821695F1A}.Release|Any CPU.Build.0 = Release|Any CPU
		{B6C75C96-7311-4129-A0F5-F414901E7861}.Debug|Any CPU.ActiveCfg = Debug|Any CPU
		{B6C75C96-7311-4129-A0F5-F414901E7861}.Debug|Any CPU.Build.0 = Debug|Any CPU
		{B6C75C96-7311-4129-A0F5-F414901E7861}.Release|Any CPU.ActiveCfg = Release|Any CPU
		{B6C75C96-7311-4129-A0F5-F414901E7861}.Release|Any CPU.Build.0 = Release|Any CPU
	EndGlobalSection
	GlobalSection(SolutionProperties) = preSolution
		HideSolutionNode = FALSE
	EndGlobalSection
	GlobalSection(ExtensibilityGlobals) = postSolution
		SolutionGuid = {A70A9A3F-24D7-4F79-9F73-75E952D301C3}
	EndGlobalSection
EndGlobal
